
Microsoft Visual Studio Solution File, Format Version 12.00
# Visual Studio Version 17
VisualStudioVersion = 17.14.36408.4
MinimumVisualStudioVersion = 10.0.40219.1
Project("{2150E333-8FDC-42A3-9474-1A3956D46DE8}") = "Frontend", "Frontend", "{02EA681E-C7D8-13C7-8484-4AC65E1B71E8}"
EndProject
Project("{2150E333-8FDC-42A3-9474-1A3956D46DE8}") = "Gateway", "Gateway", "{ED1203D9-2F6D-4A86-BF3C-D50721DCB3F4}"
EndProject
Project("{2150E333-8FDC-42A3-9474-1A3956D46DE8}") = "Integration", "Integration", "{538A0E97-B6FD-42C8-A8C3-053E2FE8EED0}"
EndProject
Project("{2150E333-8FDC-42A3-9474-1A3956D46DE8}") = "Services", "Services", "{B91A8E41-2F29-4D19-B2A9-34DFF7A8C3DA}"
EndProject
Project("{FAE04EC0-301F-11D3-BF4B-00C04F79EFBC}") = "Mango.Services.CouponAPI", "Mango.Services.CouponAPI\Mango.Services.CouponAPI.csproj", "{F843AFCC-EF36-4E25-BFF8-C957EC117665}"
EndProject
Project("{FAE04EC0-301F-11D3-BF4B-00C04F79EFBC}") = "Mango.Web", "Mango.Web\Mango.Web.csproj", "{667A3614-1C34-4C50-BB8C-C67B3B1ECBEA}"
EndProject
Project("{FAE04EC0-301F-11D3-BF4B-00C04F79EFBC}") = "Mango.Services.AuthAPI", "Mango.Services.AuthAPI\Mango.Services.AuthAPI.csproj", "{A438BC2F-A876-4C32-BB49-479AB0E69695}"
EndProject
Global
	GlobalSection(SolutionConfigurationPlatforms) = preSolution
		Debug|Any CPU = Debug|Any CPU
		Release|Any CPU = Release|Any CPU
	EndGlobalSection
	GlobalSection(ProjectConfigurationPlatforms) = postSolution
		{F843AFCC-EF36-4E25-BFF8-C957EC117665}.Debug|Any CPU.ActiveCfg = Debug|Any CPU
		{F843AFCC-EF36-4E25-BFF8-C957EC117665}.Debug|Any CPU.Build.0 = Debug|Any CPU
		{F843AFCC-EF36-4E25-BFF8-C957EC117665}.Release|Any CPU.ActiveCfg = Release|Any CPU
		{F843AFCC-EF36-4E25-BFF8-C957EC117665}.Release|Any CPU.Build.0 = Release|Any CPU
		{667A3614-1C34-4C50-BB8C-C67B3B1ECBEA}.Debug|Any CPU.ActiveCfg = Debug|Any CPU
		{667A3614-1C34-4C50-BB8C-C67B3B1ECBEA}.Debug|Any CPU.Build.0 = Debug|Any CPU
		{667A3614-1C34-4C50-BB8C-C67B3B1ECBEA}.Release|Any CPU.ActiveCfg = Release|Any CPU
		{667A3614-1C34-4C50-BB8C-C67B3B1ECBEA}.Release|Any CPU.Build.0 = Release|Any CPU
		{A438BC2F-A876-4C32-BB49-479AB0E69695}.Debug|Any CPU.ActiveCfg = Debug|Any CPU
		{A438BC2F-A876-4C32-BB49-479AB0E69695}.Debug|Any CPU.Build.0 = Debug|Any CPU
		{A438BC2F-A876-4C32-BB49-479AB0E69695}.Release|Any CPU.ActiveCfg = Release|Any CPU
		{A438BC2F-A876-4C32-BB49-479AB0E69695}.Release|Any CPU.Build.0 = Release|Any CPU
	EndGlobalSection
	GlobalSection(SolutionProperties) = preSolution
		HideSolutionNode = FALSE
	EndGlobalSection
	GlobalSection(NestedProjects) = preSolution
		{F843AFCC-EF36-4E25-BFF8-C957EC117665} = {B91A8E41-2F29-4D19-B2A9-34DFF7A8C3DA}
		{667A3614-1C34-4C50-BB8C-C67B3B1ECBEA} = {02EA681E-C7D8-13C7-8484-4AC65E1B71E8}
		{A438BC2F-A876-4C32-BB49-479AB0E69695} = {B91A8E41-2F29-4D19-B2A9-34DFF7A8C3DA}
	EndGlobalSection
	GlobalSection(ExtensibilityGlobals) = postSolution
		SolutionGuid = {096B71C7-30DB-4B88-907F-4E93723817EB}
	EndGlobalSection
EndGlobal
